// !$*UTF8*$!
{
	archiveVersion = 1;
	classes = {
	};
	objectVersion = 46;
	objects = {

/* Begin PBXBuildFile section */
		BC648FEB19D776B6009ED601 /* AppDelegate.swift in Sources */ = {isa = PBXBuildFile; fileRef = BC648FEA19D776B6009ED601 /* AppDelegate.swift */; };
		BC648FED19D776B6009ED601 /* ViewController.swift in Sources */ = {isa = PBXBuildFile; fileRef = BC648FEC19D776B6009ED601 /* ViewController.swift */; };
		BC648FF019D776B6009ED601 /* Main.storyboard in Resources */ = {isa = PBXBuildFile; fileRef = BC648FEE19D776B6009ED601 /* Main.storyboard */; };
		BC648FF219D776B6009ED601 /* Images.xcassets in Resources */ = {isa = PBXBuildFile; fileRef = BC648FF119D776B6009ED601 /* Images.xcassets */; };
		BC648FF519D776B7009ED601 /* LaunchScreen.xib in Resources */ = {isa = PBXBuildFile; fileRef = BC648FF319D776B7009ED601 /* LaunchScreen.xib */; };
		BC64900119D776B7009ED601 /* postcardTests.swift in Sources */ = {isa = PBXBuildFile; fileRef = BC64900019D776B7009ED601 /* postcardTests.swift */; };
/* End PBXBuildFile section */

/* Begin PBXContainerItemProxy section */
		BC648FFB19D776B7009ED601 /* PBXContainerItemProxy */ = {
			isa = PBXContainerItemProxy;
			containerPortal = BC648FDD19D776B6009ED601 /* Project object */;
			proxyType = 1;
			remoteGlobalIDString = BC648FE419D776B6009ED601;
			remoteInfo = postcard;
		};
/* End PBXContainerItemProxy section */

/* Begin PBXFileReference section */
		BC648FE519D776B6009ED601 /* postcard.app */ = {isa = PBXFileReference; explicitFileType = wrapper.application; includeInIndex = 0; path = postcard.app; sourceTree = BUILT_PRODUCTS_DIR; };
		BC648FE919D776B6009ED601 /* Info.plist */ = {isa = PBXFileReference; lastKnownFileType = text.plist.xml; path = Info.plist; sourceTree = "<group>"; };
		BC648FEA19D776B6009ED601 /* AppDelegate.swift */ = {isa = PBXFileReference; lastKnownFileType = sourcecode.swift; path = AppDelegate.swift; sourceTree = "<group>"; };
		BC648FEC19D776B6009ED601 /* ViewController.swift */ = {isa = PBXFileReference; lastKnownFileType = sourcecode.swift; path = ViewController.swift; sourceTree = "<group>"; };
		BC648FEF19D776B6009ED601 /* Base */ = {isa = PBXFileReference; lastKnownFileType = file.storyboard; name = Base; path = Base.lproj/Main.storyboard; sourceTree = "<group>"; };
		BC648FF119D776B6009ED601 /* Images.xcassets */ = {isa = PBXFileReference; lastKnownFileType = folder.assetcatalog; path = Images.xcassets; sourceTree = "<group>"; };
		BC648FF419D776B7009ED601 /* Base */ = {isa = PBXFileReference; lastKnownFileType = file.xib; name = Base; path = Base.lproj/LaunchScreen.xib; sourceTree = "<group>"; };
		BC648FFA19D776B7009ED601 /* postcardTests.xctest */ = {isa = PBXFileReference; explicitFileType = wrapper.cfbundle; includeInIndex = 0; path = postcardTests.xctest; sourceTree = BUILT_PRODUCTS_DIR; };
		BC648FFF19D776B7009ED601 /* Info.plist */ = {isa = PBXFileReference; lastKnownFileType = text.plist.xml; path = Info.plist; sourceTree = "<group>"; };
		BC64900019D776B7009ED601 /* postcardTests.swift */ = {isa = PBXFileReference; lastKnownFileType = sourcecode.swift; path = postcardTests.swift; sourceTree = "<group>"; };
/* End PBXFileReference section */

/* Begin PBXFrameworksBuildPhase section */
		BC648FE219D776B6009ED601 /* Frameworks */ = {
			isa = PBXFrameworksBuildPhase;
			buildActionMask = 2147483647;
			files = (
			);
			runOnlyForDeploymentPostprocessing = 0;
		};
		BC648FF719D776B7009ED601 /* Frameworks */ = {
			isa = PBXFrameworksBuildPhase;
			buildActionMask = 2147483647;
			files = (
			);
			runOnlyForDeploymentPostprocessing = 0;
		};
/* End PBXFrameworksBuildPhase section */

/* Begin PBXGroup section */
		BC648FDC19D776B6009ED601 = {
			isa = PBXGroup;
			children = (
				BC648FE719D776B6009ED601 /* postcard */,
				BC648FFD19D776B7009ED601 /* postcardTests */,
				BC648FE619D776B6009ED601 /* Products */,
			);
			sourceTree = "<group>";
		};
		BC648FE619D776B6009ED601 /* Products */ = {
			isa = PBXGroup;
			children = (
				BC648FE519D776B6009ED601 /* postcard.app */,
				BC648FFA19D776B7009ED601 /* postcardTests.xctest */,
			);
			name = Products;
			sourceTree = "<group>";
		};
		BC648FE719D776B6009ED601 /* postcard */ = {
			isa = PBXGroup;
			children = (
				BC648FEA19D776B6009ED601 /* AppDelegate.swift */,
				BC648FEC19D776B6009ED601 /* ViewController.swift */,
				BC648FEE19D776B6009ED601 /* Main.storyboard */,
				BC648FF119D776B6009ED601 /* Images.xcassets */,
				BC648FF319D776B7009ED601 /* LaunchScreen.xib */,
				BC648FE819D776B6009ED601 /* Supporting Files */,
			);
			path = postcard;
			sourceTree = "<group>";
		};
		BC648FE819D776B6009ED601 /* Supporting Files */ = {
			isa = PBXGroup;
			children = (
				BC648FE919D776B6009ED601 /* Info.plist */,
			);
			name = "Supporting Files";
			sourceTree = "<group>";
		};
		BC648FFD19D776B7009ED601 /* postcardTests */ = {
			isa = PBXGroup;
			children = (
				BC64900019D776B7009ED601 /* postcardTests.swift */,
				BC648FFE19D776B7009ED601 /* Supporting Files */,
			);
			path = postcardTests;
			sourceTree = "<group>";
		};
		BC648FFE19D776B7009ED601 /* Supporting Files */ = {
			isa = PBXGroup;
			children = (
				BC648FFF19D776B7009ED601 /* Info.plist */,
			);
			name = "Supporting Files";
			sourceTree = "<group>";
		};
/* End PBXGroup section */

/* Begin PBXNativeTarget section */
		BC648FE419D776B6009ED601 /* postcard */ = {
			isa = PBXNativeTarget;
			buildConfigurationList = BC64900419D776B7009ED601 /* Build configuration list for PBXNativeTarget "postcard" */;
			buildPhases = (
				BC648FE119D776B6009ED601 /* Sources */,
				BC648FE219D776B6009ED601 /* Frameworks */,
				BC648FE319D776B6009ED601 /* Resources */,
			);
			buildRules = (
			);
			dependencies = (
			);
			name = postcard;
			productName = postcard;
			productReference = BC648FE519D776B6009ED601 /* postcard.app */;
			productType = "com.apple.product-type.application";
		};
		BC648FF919D776B7009ED601 /* postcardTests */ = {
			isa = PBXNativeTarget;
			buildConfigurationList = BC64900719D776B7009ED601 /* Build configuration list for PBXNativeTarget "postcardTests" */;
			buildPhases = (
				BC648FF619D776B7009ED601 /* Sources */,
				BC648FF719D776B7009ED601 /* Frameworks */,
				BC648FF819D776B7009ED601 /* Resources */,
			);
			buildRules = (
			);
			dependencies = (
				BC648FFC19D776B7009ED601 /* PBXTargetDependency */,
			);
			name = postcardTests;
			productName = postcardTests;
			productReference = BC648FFA19D776B7009ED601 /* postcardTests.xctest */;
			productType = "com.apple.product-type.bundle.unit-test";
		};
/* End PBXNativeTarget section */

/* Begin PBXProject section */
		BC648FDD19D776B6009ED601 /* Project object */ = {
			isa = PBXProject;
			attributes = {
				LastUpgradeCheck = 0610;
				ORGANIZATIONNAME = "Michael Ninos";
				TargetAttributes = {
					BC648FE419D776B6009ED601 = {
						CreatedOnToolsVersion = 6.1;
					};
					BC648FF919D776B7009ED601 = {
						CreatedOnToolsVersion = 6.1;
						TestTargetID = BC648FE419D776B6009ED601;
					};
				};
			};
			buildConfigurationList = BC648FE019D776B6009ED601 /* Build configuration list for PBXProject "postcard" */;
			compatibilityVersion = "Xcode 3.2";
			developmentRegion = English;
			hasScannedForEncodings = 0;
			knownRegions = (
				en,
				Base,
			);
			mainGroup = BC648FDC19D776B6009ED601;
			productRefGroup = BC648FE619D776B6009ED601 /* Products */;
			projectDirPath = "";
			projectRoot = "";
			targets = (
				BC648FE419D776B6009ED601 /* postcard */,
				BC648FF919D776B7009ED601 /* postcardTests */,
			);
		};
/* End PBXProject section */

/* Begin PBXResourcesBuildPhase section */
		BC648FE319D776B6009ED601 /* Resources */ = {
			isa = PBXResourcesBuildPhase;
			buildActionMask = 2147483647;
			files = (
				BC648FF019D776B6009ED601 /* Main.storyboard in Resources */,
				BC648FF519D776B7009ED601 /* LaunchScreen.xib in Resources */,
				BC648FF219D776B6009ED601 /* Images.xcassets in Resources */,
			);
			runOnlyForDeploymentPostprocessing = 0;
		};
		BC648FF819D776B7009ED601 /* Resources */ = {
			isa = PBXResourcesBuildPhase;
			buildActionMask = 2147483647;
			files = (
			);
			runOnlyForDeploymentPostprocessing = 0;
		};
/* End PBXResourcesBuildPhase section */

/* Begin PBXSourcesBuildPhase section */
		BC648FE119D776B6009ED601 /* Sources */ = {
			isa = PBXSourcesBuildPhase;
			buildActionMask = 2147483647;
			files = (
				BC648FED19D776B6009ED601 /* ViewController.swift in Sources */,
				BC648FEB19D776B6009ED601 /* AppDelegate.swift in Sources */,
			);
			runOnlyForDeploymentPostprocessing = 0;
		};
		BC648FF619D776B7009ED601 /* Sources */ = {
			isa = PBXSourcesBuildPhase;
			buildActionMask = 2147483647;
			files = (
				BC64900119D776B7009ED601 /* postcardTests.swift in Sources */,
			);
			runOnlyForDeploymentPostprocessing = 0;
		};
/* End PBXSourcesBuildPhase section */

/* Begin PBXTargetDependency section */
		BC648FFC19D776B7009ED601 /* PBXTargetDependency */ = {
			isa = PBXTargetDependency;
			target = BC648FE419D776B6009ED601 /* postcard */;
			targetProxy = BC648FFB19D776B7009ED601 /* PBXContainerItemProxy */;
		};
/* End PBXTargetDependency section */

/* Begin PBXVariantGroup section */
		BC648FEE19D776B6009ED601 /* Main.storyboard */ = {
			isa = PBXVariantGroup;
			children = (
				BC648FEF19D776B6009ED601 /* Base */,
			);
			name = Main.storyboard;
			sourceTree = "<group>";
		};
		BC648FF319D776B7009ED601 /* LaunchScreen.xib */ = {
			isa = PBXVariantGroup;
			children = (
				BC648FF419D776B7009ED601 /* Base */,
			);
			name = LaunchScreen.xib;
			sourceTree = "<group>";
		};
/* End PBXVariantGroup section */

/* Begin XCBuildConfiguration section */
		BC64900219D776B7009ED601 /* Debug */ = {
			isa = XCBuildConfiguration;
			buildSettings = {
				ALWAYS_SEARCH_USER_PATHS = NO;
				CLANG_CXX_LANGUAGE_STANDARD = "gnu++0x";
				CLANG_CXX_LIBRARY = "libc++";
				CLANG_ENABLE_MODULES = YES;
				CLANG_ENABLE_OBJC_ARC = YES;
				CLANG_WARN_BOOL_CONVERSION = YES;
				CLANG_WARN_CONSTANT_CONVERSION = YES;
				CLANG_WARN_DIRECT_OBJC_ISA_USAGE = YES_ERROR;
				CLANG_WARN_EMPTY_BODY = YES;
				CLANG_WARN_ENUM_CONVERSION = YES;
				CLANG_WARN_INT_CONVERSION = YES;
				CLANG_WARN_OBJC_ROOT_CLASS = YES_ERROR;
				CLANG_WARN_UNREACHABLE_CODE = YES;
				CLANG_WARN__DUPLICATE_METHOD_MATCH = YES;
				"CODE_SIGN_IDENTITY[sdk=iphoneos*]" = "iPhone Developer";
				COPY_PHASE_STRIP = NO;
				ENABLE_STRICT_OBJC_MSGSEND = YES;
				GCC_C_LANGUAGE_STANDARD = gnu99;
				GCC_DYNAMIC_NO_PIC = NO;
				GCC_OPTIMIZATION_LEVEL = 0;
				GCC_PREPROCESSOR_DEFINITIONS = (
					"DEBUG=1",
					"$(inherited)",
				);
				GCC_SYMBOLS_PRIVATE_EXTERN = NO;
				GCC_WARN_64_TO_32_BIT_CONVERSION = YES;
				GCC_WARN_ABOUT_RETURN_TYPE = YES_ERROR;
				GCC_WARN_UNDECLARED_SELECTOR = YES;
				GCC_WARN_UNINITIALIZED_AUTOS = YES_AGGRESSIVE;
				GCC_WARN_UNUSED_FUNCTION = YES;
				GCC_WARN_UNUSED_VARIABLE = YES;
				IPHONEOS_DEPLOYMENT_TARGET = 8.0;
				MTL_ENABLE_DEBUG_INFO = YES;
				ONLY_ACTIVE_ARCH = YES;
				SDKROOT = iphoneos;
				SWIFT_OPTIMIZATION_LEVEL = "-Onone";
			};
			name = Debug;
		};
		BC64900319D776B7009ED601 /* Release */ = {
			isa = XCBuildConfiguration;
			buildSettings = {
				ALWAYS_SEARCH_USER_PATHS = NO;
				CLANG_CXX_LANGUAGE_STANDARD = "gnu++0x";
				CLANG_CXX_LIBRARY = "libc++";
				CLANG_ENABLE_MODULES = YES;
				CLANG_ENABLE_OBJC_ARC = YES;
				CLANG_WARN_BOOL_CONVERSION = YES;
				CLANG_WARN_CONSTANT_CONVERSION = YES;
				CLANG_WARN_DIRECT_OBJC_ISA_USAGE = YES_ERROR;
				CLANG_WARN_EMPTY_BODY = YES;
				CLANG_WARN_ENUM_CONVERSION = YES;
				CLANG_WARN_INT_CONVERSION = YES;
				CLANG_WARN_OBJC_ROOT_CLASS = YES_ERROR;
				CLANG_WARN_UNREACHABLE_CODE = YES;
				CLANG_WARN__DUPLICATE_METHOD_MATCH = YES;
				"CODE_SIGN_IDENTITY[sdk=iphoneos*]" = "iPhone Developer";
				COPY_PHASE_STRIP = YES;
				ENABLE_NS_ASSERTIONS = NO;
				ENABLE_STRICT_OBJC_MSGSEND = YES;
				GCC_C_LANGUAGE_STANDARD = gnu99;
				GCC_WARN_64_TO_32_BIT_CONVERSION = YES;
				GCC_WARN_ABOUT_RETURN_TYPE = YES_ERROR;
				GCC_WARN_UNDECLARED_SELECTOR = YES;
				GCC_WARN_UNINITIALIZED_AUTOS = YES_AGGRESSIVE;
				GCC_WARN_UNUSED_FUNCTION = YES;
				GCC_WARN_UNUSED_VARIABLE = YES;
				IPHONEOS_DEPLOYMENT_TARGET = 8.0;
				MTL_ENABLE_DEBUG_INFO = NO;
				SDKROOT = iphoneos;
				VALIDATE_PRODUCT = YES;
			};
			name = Release;
		};
		BC64900519D776B7009ED601 /* Debug */ = {
			isa = XCBuildConfiguration;
			buildSettings = {
				ASSETCATALOG_COMPILER_APPICON_NAME = AppIcon;
				INFOPLIST_FILE = postcard/Info.plist;
				LD_RUNPATH_SEARCH_PATHS = "$(inherited) @executable_path/Frameworks";
				PRODUCT_NAME = "$(TARGET_NAME)";
			};
			name = Debug;
		};
		BC64900619D776B7009ED601 /* Release */ = {
			isa = XCBuildConfiguration;
			buildSettings = {
				ASSETCATALOG_COMPILER_APPICON_NAME = AppIcon;
				INFOPLIST_FILE = postcard/Info.plist;
				LD_RUNPATH_SEARCH_PATHS = "$(inherited) @executable_path/Frameworks";
				PRODUCT_NAME = "$(TARGET_NAME)";
			};
			name = Release;
		};
		BC64900819D776B7009ED601 /* Debug */ = {
			isa = XCBuildConfiguration;
			buildSettings = {
				BUNDLE_LOADER = "$(TEST_HOST)";
				FRAMEWORK_SEARCH_PATHS = (
					"$(SDKROOT)/Developer/Library/Frameworks",
					"$(inherited)",
				);
				GCC_PREPROCESSOR_DEFINITIONS = (
					"DEBUG=1",
					"$(inherited)",
				);
				INFOPLIST_FILE = postcardTests/Info.plist;
				LD_RUNPATH_SEARCH_PATHS = "$(inherited) @executable_path/Frameworks @loader_path/Frameworks";
				PRODUCT_NAME = "$(TARGET_NAME)";
				TEST_HOST = "$(BUILT_PRODUCTS_DIR)/postcard.app/postcard";
			};
			name = Debug;
		};
		BC64900919D776B7009ED601 /* Release */ = {
			isa = XCBuildConfiguration;
			buildSettings = {
				BUNDLE_LOADER = "$(TEST_HOST)";
				FRAMEWORK_SEARCH_PATHS = (
					"$(SDKROOT)/Developer/Library/Frameworks",
					"$(inherited)",
				);
				INFOPLIST_FILE = postcardTests/Info.plist;
				LD_RUNPATH_SEARCH_PATHS = "$(inherited) @executable_path/Frameworks @loader_path/Frameworks";
				PRODUCT_NAME = "$(TARGET_NAME)";
				TEST_HOST = "$(BUILT_PRODUCTS_DIR)/postcard.app/postcard";
			};
			name = Release;
		};
/* End XCBuildConfiguration section */

/* Begin XCConfigurationList section */
		BC648FE019D776B6009ED601 /* Build configuration list for PBXProject "postcard" */ = {
			isa = XCConfigurationList;
			buildConfigurations = (
				BC64900219D776B7009ED601 /* Debug */,
				BC64900319D776B7009ED601 /* Release */,
			);
			defaultConfigurationIsVisible = 0;
			defaultConfigurationName = Release;
		};
		BC64900419D776B7009ED601 /* Build configuration list for PBXNativeTarget "postcard" */ = {
			isa = XCConfigurationList;
			buildConfigurations = (
				BC64900519D776B7009ED601 /* Debug */,
				BC64900619D776B7009ED601 /* Release */,
			);
			defaultConfigurationIsVisible = 0;
		};
		BC64900719D776B7009ED601 /* Build configuration list for PBXNativeTarget "postcardTests" */ = {
			isa = XCConfigurationList;
			buildConfigurations = (
				BC64900819D776B7009ED601 /* Debug */,
				BC64900919D776B7009ED601 /* Release */,
			);
			defaultConfigurationIsVisible = 0;
		};
/* End XCConfigurationList section */
	};
	rootObject = BC648FDD19D776B6009ED601 /* Project object */;
}
